
Microsoft Visual Studio Solution File, Format Version 12.00
# Visual Studio Version 16
VisualStudioVersion = 16.0.31911.196
MinimumVisualStudioVersion = 10.0.40219.1
Project("{FAE04EC0-301F-11D3-BF4B-00C04F79EFBC}") = "FlexConfirmMail", "FlexConfirmMail.csproj", "{4EAA079A-248A-4A17-A99F-BECD06A01945}"
EndProject
Global
	GlobalSection(SolutionConfigurationPlatforms) = preSolution
		Debug|Any CPU = Debug|Any CPU
		Release|Any CPU = Release|Any CPU
	EndGlobalSection
	GlobalSection(ProjectConfigurationPlatforms) = postSolution
		{4EAA079A-248A-4A17-A99F-BECD06A01945}.Debug|Any CPU.ActiveCfg = Debug|Any CPU
		{4EAA079A-248A-4A17-A99F-BECD06A01945}.Debug|Any CPU.Build.0 = Debug|Any CPU
		{4EAA079A-248A-4A17-A99F-BECD06A01945}.Release|Any CPU.ActiveCfg = Release|Any CPU
		{4EAA079A-248A-4A17-A99F-BECD06A01945}.Release|Any CPU.Build.0 = Release|Any CPU
	EndGlobalSection
	GlobalSection(SolutionProperties) = preSolution
		HideSolutionNode = FALSE
	EndGlobalSection
	GlobalSection(ExtensibilityGlobals) = postSolution
		SolutionGuid = {158909E9-4DD9-43FF-8C7A-6CCA442B4098}
	EndGlobalSection
EndGlobal
